
Microsoft Visual Studio Solution File, Format Version 12.00
Project("{F2A71F9B-5D33-465A-A702-920D77279786}") = "Users", "Users\Users.fsproj", "{55CE3236-338C-4541-8BDE-A4267835B8B0}"
EndProject
Project("{FAE04EC0-301F-11D3-BF4B-00C04F79EFBC}") = "MyApi", "MyApi\MyApi.csproj", "{AA2FDC6A-C713-4CEA-919A-FBFC77A1B22C}"
EndProject
Project("{F2A71F9B-5D33-465A-A702-920D77279786}") = "FSharp.Common", "FSharp.Common\FSharp.Common.fsproj", "{FAB00281-56E2-4FCF-89A4-10BEA4E4A02E}"
EndProject
Global
	GlobalSection(SolutionConfigurationPlatforms) = preSolution
		Debug|Any CPU = Debug|Any CPU
		Release|Any CPU = Release|Any CPU
	EndGlobalSection
	GlobalSection(ProjectConfigurationPlatforms) = postSolution
		{55CE3236-338C-4541-8BDE-A4267835B8B0}.Debug|Any CPU.ActiveCfg = Debug|Any CPU
		{55CE3236-338C-4541-8BDE-A4267835B8B0}.Debug|Any CPU.Build.0 = Debug|Any CPU
		{55CE3236-338C-4541-8BDE-A4267835B8B0}.Release|Any CPU.ActiveCfg = Release|Any CPU
		{55CE3236-338C-4541-8BDE-A4267835B8B0}.Release|Any CPU.Build.0 = Release|Any CPU
		{AA2FDC6A-C713-4CEA-919A-FBFC77A1B22C}.Debug|Any CPU.ActiveCfg = Debug|Any CPU
		{AA2FDC6A-C713-4CEA-919A-FBFC77A1B22C}.Debug|Any CPU.Build.0 = Debug|Any CPU
		{AA2FDC6A-C713-4CEA-919A-FBFC77A1B22C}.Release|Any CPU.ActiveCfg = Release|Any CPU
		{AA2FDC6A-C713-4CEA-919A-FBFC77A1B22C}.Release|Any CPU.Build.0 = Release|Any CPU
		{FAB00281-56E2-4FCF-89A4-10BEA4E4A02E}.Debug|Any CPU.ActiveCfg = Debug|Any CPU
		{FAB00281-56E2-4FCF-89A4-10BEA4E4A02E}.Debug|Any CPU.Build.0 = Debug|Any CPU
		{FAB00281-56E2-4FCF-89A4-10BEA4E4A02E}.Release|Any CPU.ActiveCfg = Release|Any CPU
		{FAB00281-56E2-4FCF-89A4-10BEA4E4A02E}.Release|Any CPU.Build.0 = Release|Any CPU
	EndGlobalSection
EndGlobal
